<?xml version="1.0" encoding="utf-8"?>
<Project ToolsVersion="4.0" xmlns="http://schemas.microsoft.com/developer/msbuild/2003">
  <ItemGroup>
    <Filter Include="Utility">
      <UniqueIdentifier>{ba0e25e3-d3a1-4413-a4ea-6c3c89d8da48}</UniqueIdentifier>
    </Filter>
    <Filter Include="GraphicsEngine">
      <UniqueIdentifier>{541393f9-e895-4b78-96e7-b77a257676c1}</UniqueIdentifier>
    </Filter>
  </ItemGroup>
  <ItemGroup>
    <ClInclude Include="RocketMacroDX11.h">
      <Filter>Utility</Filter>
    </ClInclude>
    <ClInclude Include="RocketDX12.h">
      <Filter>GraphicsEngine</Filter>
    </ClInclude>
  </ItemGroup>
  <ItemGroup>
    <ClCompile Include="RocketDX12.cpp">
      <Filter>GraphicsEngine</Filter>
    </ClCompile>
  </ItemGroup>
</Project>